// !$*UTF8*$!
{
	archiveVersion = 1;
	classes = {
	};
	objectVersion = 56;
	objects = {

/* Begin PBXBuildFile section */
		673646A2293BFA7700D9A639 /* TabBarButtonView.swift in Sources */ = {isa = PBXBuildFile; fileRef = 673646A1293BFA7700D9A639 /* TabBarButtonView.swift */; };
		673646A6293D391600D9A639 /* AppStateManager.swift in Sources */ = {isa = PBXBuildFile; fileRef = 673646A5293D391600D9A639 /* AppStateManager.swift */; };
		673646A8293D3B1500D9A639 /* Extensions.swift in Sources */ = {isa = PBXBuildFile; fileRef = 673646A7293D3B1500D9A639 /* Extensions.swift */; };
		6745C106293FB16C00A00696 /* ProfileView.swift in Sources */ = {isa = PBXBuildFile; fileRef = 6745C105293FB16C00A00696 /* ProfileView.swift */; };
		6745C109293FC7D900A00696 /* RoundedImage.swift in Sources */ = {isa = PBXBuildFile; fileRef = 6745C108293FC7D900A00696 /* RoundedImage.swift */; };
		6745C10C293FC84200A00696 /* Kingfisher in Frameworks */ = {isa = PBXBuildFile; productRef = 6745C10B293FC84200A00696 /* Kingfisher */; };
		6745C10F29453BE400A00696 /* ProfileSwipePromo.swift in Sources */ = {isa = PBXBuildFile; fileRef = 6745C10E29453BE400A00696 /* ProfileSwipePromo.swift */; };
		67680278293BF212001F5F67 /* BuildTinderAppApp.swift in Sources */ = {isa = PBXBuildFile; fileRef = 67680277293BF212001F5F67 /* BuildTinderAppApp.swift */; };
		6768027A293BF212001F5F67 /* ContentView.swift in Sources */ = {isa = PBXBuildFile; fileRef = 67680279293BF212001F5F67 /* ContentView.swift */; };
		6768027C293BF213001F5F67 /* Assets.xcassets in Resources */ = {isa = PBXBuildFile; fileRef = 6768027B293BF213001F5F67 /* Assets.xcassets */; };
		6768027F293BF213001F5F67 /* Preview Assets.xcassets in Resources */ = {isa = PBXBuildFile; fileRef = 6768027E293BF213001F5F67 /* Preview Assets.xcassets */; };
		67680286293BF35D001F5F67 /* MainView.swift in Sources */ = {isa = PBXBuildFile; fileRef = 67680285293BF35C001F5F67 /* MainView.swift */; };
/* End PBXBuildFile section */

/* Begin PBXFileReference section */
		673646A1293BFA7700D9A639 /* TabBarButtonView.swift */ = {isa = PBXFileReference; lastKnownFileType = sourcecode.swift; path = TabBarButtonView.swift; sourceTree = "<group>"; };
		673646A5293D391600D9A639 /* AppStateManager.swift */ = {isa = PBXFileReference; lastKnownFileType = sourcecode.swift; path = AppStateManager.swift; sourceTree = "<group>"; };
		673646A7293D3B1500D9A639 /* Extensions.swift */ = {isa = PBXFileReference; lastKnownFileType = sourcecode.swift; path = Extensions.swift; sourceTree = "<group>"; };
		6745C105293FB16C00A00696 /* ProfileView.swift */ = {isa = PBXFileReference; lastKnownFileType = sourcecode.swift; path = ProfileView.swift; sourceTree = "<group>"; };
		6745C108293FC7D900A00696 /* RoundedImage.swift */ = {isa = PBXFileReference; lastKnownFileType = sourcecode.swift; path = RoundedImage.swift; sourceTree = "<group>"; };
		6745C10E29453BE400A00696 /* ProfileSwipePromo.swift */ = {isa = PBXFileReference; lastKnownFileType = sourcecode.swift; path = ProfileSwipePromo.swift; sourceTree = "<group>"; };
		67680274293BF212001F5F67 /* BuildTinderApp.app */ = {isa = PBXFileReference; explicitFileType = wrapper.application; includeInIndex = 0; path = BuildTinderApp.app; sourceTree = BUILT_PRODUCTS_DIR; };
		67680277293BF212001F5F67 /* BuildTinderAppApp.swift */ = {isa = PBXFileReference; lastKnownFileType = sourcecode.swift; path = BuildTinderAppApp.swift; sourceTree = "<group>"; };
		67680279293BF212001F5F67 /* ContentView.swift */ = {isa = PBXFileReference; lastKnownFileType = sourcecode.swift; path = ContentView.swift; sourceTree = "<group>"; };
		6768027B293BF213001F5F67 /* Assets.xcassets */ = {isa = PBXFileReference; lastKnownFileType = folder.assetcatalog; path = Assets.xcassets; sourceTree = "<group>"; };
		6768027E293BF213001F5F67 /* Preview Assets.xcassets */ = {isa = PBXFileReference; lastKnownFileType = folder.assetcatalog; path = "Preview Assets.xcassets"; sourceTree = "<group>"; };
		67680285293BF35C001F5F67 /* MainView.swift */ = {isa = PBXFileReference; lastKnownFileType = sourcecode.swift; path = MainView.swift; sourceTree = "<group>"; };
/* End PBXFileReference section */

/* Begin PBXFrameworksBuildPhase section */
		67680271293BF212001F5F67 /* Frameworks */ = {
			isa = PBXFrameworksBuildPhase;
			buildActionMask = 2147483647;
			files = (
				6745C10C293FC84200A00696 /* Kingfisher in Frameworks */,
			);
			runOnlyForDeploymentPostprocessing = 0;
		};
/* End PBXFrameworksBuildPhase section */

/* Begin PBXGroup section */
		6745C104293D4A6D00A00696 /* MainTabBar */ = {
			isa = PBXGroup;
			children = (
				673646A1293BFA7700D9A639 /* TabBarButtonView.swift */,
				67680285293BF35C001F5F67 /* MainView.swift */,
			);
			path = MainTabBar;
			sourceTree = "<group>";
		};
		6745C107293FB1A300A00696 /* Profile */ = {
			isa = PBXGroup;
			children = (
				6745C105293FB16C00A00696 /* ProfileView.swift */,
				6745C10E29453BE400A00696 /* ProfileSwipePromo.swift */,
			);
			path = Profile;
			sourceTree = "<group>";
		};
		6745C10D293FCA3100A00696 /* HelperView */ = {
			isa = PBXGroup;
			children = (
				6745C108293FC7D900A00696 /* RoundedImage.swift */,
			);
			path = HelperView;
			sourceTree = "<group>";
		};
		6768026B293BF212001F5F67 = {
			isa = PBXGroup;
			children = (
				67680276293BF212001F5F67 /* BuildTinderApp */,
				67680275293BF212001F5F67 /* Products */,
			);
			sourceTree = "<group>";
		};
		67680275293BF212001F5F67 /* Products */ = {
			isa = PBXGroup;
			children = (
				67680274293BF212001F5F67 /* BuildTinderApp.app */,
			);
			name = Products;
			sourceTree = "<group>";
		};
		67680276293BF212001F5F67 /* BuildTinderApp */ = {
			isa = PBXGroup;
			children = (
				67680277293BF212001F5F67 /* BuildTinderAppApp.swift */,
				67680279293BF212001F5F67 /* ContentView.swift */,
				673646A5293D391600D9A639 /* AppStateManager.swift */,
				6745C104293D4A6D00A00696 /* MainTabBar */,
				6745C107293FB1A300A00696 /* Profile */,
				6745C10D293FCA3100A00696 /* HelperView */,
				6768027B293BF213001F5F67 /* Assets.xcassets */,
				673646A7293D3B1500D9A639 /* Extensions.swift */,
				6768027D293BF213001F5F67 /* Preview Content */,
			);
			path = BuildTinderApp;
			sourceTree = "<group>";
		};
		6768027D293BF213001F5F67 /* Preview Content */ = {
			isa = PBXGroup;
			children = (
				6768027E293BF213001F5F67 /* Preview Assets.xcassets */,
			);
			path = "Preview Content";
			sourceTree = "<group>";
		};
/* End PBXGroup section */

/* Begin PBXNativeTarget section */
		67680273293BF212001F5F67 /* BuildTinderApp */ = {
			isa = PBXNativeTarget;
			buildConfigurationList = 67680282293BF213001F5F67 /* Build configuration list for PBXNativeTarget "BuildTinderApp" */;
			buildPhases = (
				67680270293BF212001F5F67 /* Sources */,
				67680271293BF212001F5F67 /* Frameworks */,
				67680272293BF212001F5F67 /* Resources */,
			);
			buildRules = (
			);
			dependencies = (
			);
			name = BuildTinderApp;
			packageProductDependencies = (
				6745C10B293FC84200A00696 /* Kingfisher */,
			);
			productName = BuildTinderApp;
			productReference = 67680274293BF212001F5F67 /* BuildTinderApp.app */;
			productType = "com.apple.product-type.application";
		};
/* End PBXNativeTarget section */

/* Begin PBXProject section */
		6768026C293BF212001F5F67 /* Project object */ = {
			isa = PBXProject;
			attributes = {
				BuildIndependentTargetsInParallel = 1;
				LastSwiftUpdateCheck = 1400;
				LastUpgradeCheck = 1400;
				TargetAttributes = {
					67680273293BF212001F5F67 = {
						CreatedOnToolsVersion = 14.0;
					};
				};
			};
			buildConfigurationList = 6768026F293BF212001F5F67 /* Build configuration list for PBXProject "BuildTinderApp" */;
			compatibilityVersion = "Xcode 14.0";
			developmentRegion = en;
			hasScannedForEncodings = 0;
			knownRegions = (
				en,
				Base,
			);
			mainGroup = 6768026B293BF212001F5F67;
			packageReferences = (
				6745C10A293FC84200A00696 /* XCRemoteSwiftPackageReference "Kingfisher" */,
			);
			productRefGroup = 67680275293BF212001F5F67 /* Products */;
			projectDirPath = "";
			projectRoot = "";
			targets = (
				67680273293BF212001F5F67 /* BuildTinderApp */,
			);
		};
/* End PBXProject section */

/* Begin PBXResourcesBuildPhase section */
		67680272293BF212001F5F67 /* Resources */ = {
			isa = PBXResourcesBuildPhase;
			buildActionMask = 2147483647;
			files = (
				6768027F293BF213001F5F67 /* Preview Assets.xcassets in Resources */,
				6768027C293BF213001F5F67 /* Assets.xcassets in Resources */,
			);
			runOnlyForDeploymentPostprocessing = 0;
		};
/* End PBXResourcesBuildPhase section */

/* Begin PBXSourcesBuildPhase section */
		67680270293BF212001F5F67 /* Sources */ = {
			isa = PBXSourcesBuildPhase;
			buildActionMask = 2147483647;
			files = (
				6768027A293BF212001F5F67 /* ContentView.swift in Sources */,
				6745C109293FC7D900A00696 /* RoundedImage.swift in Sources */,
				673646A8293D3B1500D9A639 /* Extensions.swift in Sources */,
				67680286293BF35D001F5F67 /* MainView.swift in Sources */,
				6745C10F29453BE400A00696 /* ProfileSwipePromo.swift in Sources */,
				673646A2293BFA7700D9A639 /* TabBarButtonView.swift in Sources */,
				67680278293BF212001F5F67 /* BuildTinderAppApp.swift in Sources */,
				6745C106293FB16C00A00696 /* ProfileView.swift in Sources */,
				673646A6293D391600D9A639 /* AppStateManager.swift in Sources */,
			);
			runOnlyForDeploymentPostprocessing = 0;
		};
/* End PBXSourcesBuildPhase section */

/* Begin XCBuildConfiguration section */
		67680280293BF213001F5F67 /* Debug */ = {
			isa = XCBuildConfiguration;
			buildSettings = {
				ALWAYS_SEARCH_USER_PATHS = NO;
				CLANG_ANALYZER_NONNULL = YES;
				CLANG_ANALYZER_NUMBER_OBJECT_CONVERSION = YES_AGGRESSIVE;
				CLANG_CXX_LANGUAGE_STANDARD = "gnu++20";
				CLANG_ENABLE_MODULES = YES;
				CLANG_ENABLE_OBJC_ARC = YES;
				CLANG_ENABLE_OBJC_WEAK = YES;
				CLANG_WARN_BLOCK_CAPTURE_AUTORELEASING = YES;
				CLANG_WARN_BOOL_CONVERSION = YES;
				CLANG_WARN_COMMA = YES;
				CLANG_WARN_CONSTANT_CONVERSION = YES;
				CLANG_WARN_DEPRECATED_OBJC_IMPLEMENTATIONS = YES;
				CLANG_WARN_DIRECT_OBJC_ISA_USAGE = YES_ERROR;
				CLANG_WARN_DOCUMENTATION_COMMENTS = YES;
				CLANG_WARN_EMPTY_BODY = YES;
				CLANG_WARN_ENUM_CONVERSION = YES;
				CLANG_WARN_INFINITE_RECURSION = YES;
				CLANG_WARN_INT_CONVERSION = YES;
				CLANG_WARN_NON_LITERAL_NULL_CONVERSION = YES;
				CLANG_WARN_OBJC_IMPLICIT_RETAIN_SELF = YES;
				CLANG_WARN_OBJC_LITERAL_CONVERSION = YES;
				CLANG_WARN_OBJC_ROOT_CLASS = YES_ERROR;
				CLANG_WARN_QUOTED_INCLUDE_IN_FRAMEWORK_HEADER = YES;
				CLANG_WARN_RANGE_LOOP_ANALYSIS = YES;
				CLANG_WARN_STRICT_PROTOTYPES = YES;
				CLANG_WARN_SUSPICIOUS_MOVE = YES;
				CLANG_WARN_UNGUARDED_AVAILABILITY = YES_AGGRESSIVE;
				CLANG_WARN_UNREACHABLE_CODE = YES;
				CLANG_WARN__DUPLICATE_METHOD_MATCH = YES;
				COPY_PHASE_STRIP = NO;
				DEBUG_INFORMATION_FORMAT = dwarf;
				ENABLE_STRICT_OBJC_MSGSEND = YES;
				ENABLE_TESTABILITY = YES;
				GCC_C_LANGUAGE_STANDARD = gnu11;
				GCC_DYNAMIC_NO_PIC = NO;
				GCC_NO_COMMON_BLOCKS = YES;
				GCC_OPTIMIZATION_LEVEL = 0;
				GCC_PREPROCESSOR_DEFINITIONS = (
					"DEBUG=1",
					"$(inherited)",
				);
				GCC_WARN_64_TO_32_BIT_CONVERSION = YES;
				GCC_WARN_ABOUT_RETURN_TYPE = YES_ERROR;
				GCC_WARN_UNDECLARED_SELECTOR = YES;
				GCC_WARN_UNINITIALIZED_AUTOS = YES_AGGRESSIVE;
				GCC_WARN_UNUSED_FUNCTION = YES;
				GCC_WARN_UNUSED_VARIABLE = YES;
				IPHONEOS_DEPLOYMENT_TARGET = 16.0;
				MTL_ENABLE_DEBUG_INFO = INCLUDE_SOURCE;
				MTL_FAST_MATH = YES;
				ONLY_ACTIVE_ARCH = YES;
				SDKROOT = iphoneos;
				SWIFT_ACTIVE_COMPILATION_CONDITIONS = DEBUG;
				SWIFT_OPTIMIZATION_LEVEL = "-Onone";
			};
			name = Debug;
		};
		67680281293BF213001F5F67 /* Release */ = {
			isa = XCBuildConfiguration;
			buildSettings = {
				ALWAYS_SEARCH_USER_PATHS = NO;
				CLANG_ANALYZER_NONNULL = YES;
				CLANG_ANALYZER_NUMBER_OBJECT_CONVERSION = YES_AGGRESSIVE;
				CLANG_CXX_LANGUAGE_STANDARD = "gnu++20";
				CLANG_ENABLE_MODULES = YES;
				CLANG_ENABLE_OBJC_ARC = YES;
				CLANG_ENABLE_OBJC_WEAK = YES;
				CLANG_WARN_BLOCK_CAPTURE_AUTORELEASING = YES;
				CLANG_WARN_BOOL_CONVERSION = YES;
				CLANG_WARN_COMMA = YES;
				CLANG_WARN_CONSTANT_CONVERSION = YES;
				CLANG_WARN_DEPRECATED_OBJC_IMPLEMENTATIONS = YES;
				CLANG_WARN_DIRECT_OBJC_ISA_USAGE = YES_ERROR;
				CLANG_WARN_DOCUMENTATION_COMMENTS = YES;
				CLANG_WARN_EMPTY_BODY = YES;
				CLANG_WARN_ENUM_CONVERSION = YES;
				CLANG_WARN_INFINITE_RECURSION = YES;
				CLANG_WARN_INT_CONVERSION = YES;
				CLANG_WARN_NON_LITERAL_NULL_CONVERSION = YES;
				CLANG_WARN_OBJC_IMPLICIT_RETAIN_SELF = YES;
				CLANG_WARN_OBJC_LITERAL_CONVERSION = YES;
				CLANG_WARN_OBJC_ROOT_CLASS = YES_ERROR;
				CLANG_WARN_QUOTED_INCLUDE_IN_FRAMEWORK_HEADER = YES;
				CLANG_WARN_RANGE_LOOP_ANALYSIS = YES;
				CLANG_WARN_STRICT_PROTOTYPES = YES;
				CLANG_WARN_SUSPICIOUS_MOVE = YES;
				CLANG_WARN_UNGUARDED_AVAILABILITY = YES_AGGRESSIVE;
				CLANG_WARN_UNREACHABLE_CODE = YES;
				CLANG_WARN__DUPLICATE_METHOD_MATCH = YES;
				COPY_PHASE_STRIP = NO;
				DEBUG_INFORMATION_FORMAT = "dwarf-with-dsym";
				ENABLE_NS_ASSERTIONS = NO;
				ENABLE_STRICT_OBJC_MSGSEND = YES;
				GCC_C_LANGUAGE_STANDARD = gnu11;
				GCC_NO_COMMON_BLOCKS = YES;
				GCC_WARN_64_TO_32_BIT_CONVERSION = YES;
				GCC_WARN_ABOUT_RETURN_TYPE = YES_ERROR;
				GCC_WARN_UNDECLARED_SELECTOR = YES;
				GCC_WARN_UNINITIALIZED_AUTOS = YES_AGGRESSIVE;
				GCC_WARN_UNUSED_FUNCTION = YES;
				GCC_WARN_UNUSED_VARIABLE = YES;
				IPHONEOS_DEPLOYMENT_TARGET = 16.0;
				MTL_ENABLE_DEBUG_INFO = NO;
				MTL_FAST_MATH = YES;
				SDKROOT = iphoneos;
				SWIFT_COMPILATION_MODE = wholemodule;
				SWIFT_OPTIMIZATION_LEVEL = "-O";
				VALIDATE_PRODUCT = YES;
			};
			name = Release;
		};
		67680283293BF213001F5F67 /* Debug */ = {
			isa = XCBuildConfiguration;
			buildSettings = {
				ASSETCATALOG_COMPILER_APPICON_NAME = AppIcon;
				ASSETCATALOG_COMPILER_GLOBAL_ACCENT_COLOR_NAME = AccentColor;
				CODE_SIGN_STYLE = Automatic;
				CURRENT_PROJECT_VERSION = 1;
				DEVELOPMENT_ASSET_PATHS = "\"BuildTinderApp/Preview Content\"";
				ENABLE_PREVIEWS = YES;
				GENERATE_INFOPLIST_FILE = YES;
				INFOPLIST_KEY_UIApplicationSceneManifest_Generation = YES;
				INFOPLIST_KEY_UIApplicationSupportsIndirectInputEvents = YES;
				INFOPLIST_KEY_UILaunchScreen_Generation = YES;
				INFOPLIST_KEY_UISupportedInterfaceOrientations_iPad = "UIInterfaceOrientationPortrait UIInterfaceOrientationPortraitUpsideDown UIInterfaceOrientationLandscapeLeft UIInterfaceOrientationLandscapeRight";
				INFOPLIST_KEY_UISupportedInterfaceOrientations_iPhone = "UIInterfaceOrientationPortrait UIInterfaceOrientationLandscapeLeft UIInterfaceOrientationLandscapeRight";
				LD_RUNPATH_SEARCH_PATHS = (
					"$(inherited)",
					"@executable_path/Frameworks",
				);
				MARKETING_VERSION = 1.0;
				PRODUCT_BUNDLE_IDENTIFIER = com.example.BuildTinderApp;
				PRODUCT_NAME = "$(TARGET_NAME)";
				SWIFT_EMIT_LOC_STRINGS = YES;
				SWIFT_VERSION = 5.0;
				TARGETED_DEVICE_FAMILY = "1,2";
			};
			name = Debug;
		};
		67680284293BF213001F5F67 /* Release */ = {
			isa = XCBuildConfiguration;
			buildSettings = {
				ASSETCATALOG_COMPILER_APPICON_NAME = AppIcon;
				ASSETCATALOG_COMPILER_GLOBAL_ACCENT_COLOR_NAME = AccentColor;
				CODE_SIGN_STYLE = Automatic;
				CURRENT_PROJECT_VERSION = 1;
				DEVELOPMENT_ASSET_PATHS = "\"BuildTinderApp/Preview Content\"";
				ENABLE_PREVIEWS = YES;
				GENERATE_INFOPLIST_FILE = YES;
				INFOPLIST_KEY_UIApplicationSceneManifest_Generation = YES;
				INFOPLIST_KEY_UIApplicationSupportsIndirectInputEvents = YES;
				INFOPLIST_KEY_UILaunchScreen_Generation = YES;
				INFOPLIST_KEY_UISupportedInterfaceOrientations_iPad = "UIInterfaceOrientationPortrait UIInterfaceOrientationPortraitUpsideDown UIInterfaceOrientationLandscapeLeft UIInterfaceOrientationLandscapeRight";
				INFOPLIST_KEY_UISupportedInterfaceOrientations_iPhone = "UIInterfaceOrientationPortrait UIInterfaceOrientationLandscapeLeft UIInterfaceOrientationLandscapeRight";
				LD_RUNPATH_SEARCH_PATHS = (
					"$(inherited)",
					"@executable_path/Frameworks",
				);
				MARKETING_VERSION = 1.0;
				PRODUCT_BUNDLE_IDENTIFIER = com.example.BuildTinderApp;
				PRODUCT_NAME = "$(TARGET_NAME)";
				SWIFT_EMIT_LOC_STRINGS = YES;
				SWIFT_VERSION = 5.0;
				TARGETED_DEVICE_FAMILY = "1,2";
			};
			name = Release;
		};
/* End XCBuildConfiguration section */

/* Begin XCConfigurationList section */
		6768026F293BF212001F5F67 /* Build configuration list for PBXProject "BuildTinderApp" */ = {
			isa = XCConfigurationList;
			buildConfigurations = (
				67680280293BF213001F5F67 /* Debug */,
				67680281293BF213001F5F67 /* Release */,
			);
			defaultConfigurationIsVisible = 0;
			defaultConfigurationName = Release;
		};
		67680282293BF213001F5F67 /* Build configuration list for PBXNativeTarget "BuildTinderApp" */ = {
			isa = XCConfigurationList;
			buildConfigurations = (
				67680283293BF213001F5F67 /* Debug */,
				67680284293BF213001F5F67 /* Release */,
			);
			defaultConfigurationIsVisible = 0;
			defaultConfigurationName = Release;
		};
/* End XCConfigurationList section */

/* Begin XCRemoteSwiftPackageReference section */
		6745C10A293FC84200A00696 /* XCRemoteSwiftPackageReference "Kingfisher" */ = {
			isa = XCRemoteSwiftPackageReference;
			repositoryURL = "https://github.com/onevcat/Kingfisher";
			requirement = {
				kind = upToNextMajorVersion;
				minimumVersion = 7.0.0;
			};
		};
/* End XCRemoteSwiftPackageReference section */

/* Begin XCSwiftPackageProductDependency section */
		6745C10B293FC84200A00696 /* Kingfisher */ = {
			isa = XCSwiftPackageProductDependency;
			package = 6745C10A293FC84200A00696 /* XCRemoteSwiftPackageReference "Kingfisher" */;
			productName = Kingfisher;
		};
/* End XCSwiftPackageProductDependency section */
	};
	rootObject = 6768026C293BF212001F5F67 /* Project object */;
}
